Microsoft Visual Studio Solution File, Format Version 8.00
Project("{4F174C21-8C12-11D0-8340-0000F80270F8}") = "IndexFungorumImport", "IndexFungorumImport.dbp", "{BA03A04A-2DAC-4E66-AA67-79995DD4C12A}"
	ProjectSection(ProjectDependencies) = postProject
	EndProjectSection
EndProject
Global
	GlobalSection(SourceCodeControl) = preSolution
		SccNumberOfProjects = 2
		SccLocalPath0 = .
		CanCheckoutShared = false
		SolutionUniqueID = {9FCEFA27-FC09-4ABF-A73A-B9A04223F053}
		SccProjectUniqueName1 = IndexFungorumImport.dbp
		SccLocalPath1 = .
		CanCheckoutShared = false
	EndGlobalSection
	GlobalSection(SolutionConfiguration) = preSolution
	EndGlobalSection
	GlobalSection(ProjectConfiguration) = postSolution
	EndGlobalSection
	GlobalSection(ExtensibilityGlobals) = postSolution
	EndGlobalSection
	GlobalSection(ExtensibilityAddIns) = postSolution
	EndGlobalSection
EndGlobal
