Microsoft Visual Studio Solution File, Format Version 9.00
# Visual Studio 2005
Project("{FAE04EC0-301F-11D3-BF4B-00C04F79EFBC}") = "TapirDotNETClasses", "TapirDotNETClasses\TapirDotNETClasses.csproj", "{88934C83-3394-409F-877C-396062B944AF}"
	ProjectSection(WebsiteProperties) = preProject
		Debug.AspNetCompiler.Debug = "True"
		Release.AspNetCompiler.Debug = "False"
	EndProjectSection
EndProject
Project("{E24C65DC-7377-472B-9ABA-BC803B73C61A}") = "http://localhost/TapirDotNET/", "http://localhost/TapirDotNET", "{EF7F67D2-F694-4AFB-B00E-FAA572CF6398}"
	ProjectSection(WebsiteProperties) = preProject
		SccProjectName = "$/TAPIR/TapirDotNET/TapirDotNET"
		SccAuxPath = ""
		SccLocalPath = "."
		SccProvider = "MSSCCI:SourceGear Vault Client"
		ProjectReferences = "{88934C83-3394-409F-877C-396062B944AF}|TapirDotNETClasses.dll;"
		Debug.AspNetCompiler.VirtualPath = "/TapirDotNET"
		Debug.AspNetCompiler.PhysicalPath = "TapirDotNET\"
		Debug.AspNetCompiler.TargetPath = "PrecompiledWeb\TapirDotNET\"
		Debug.AspNetCompiler.Updateable = "true"
		Debug.AspNetCompiler.ForceOverwrite = "true"
		Debug.AspNetCompiler.FixedNames = "false"
		Debug.AspNetCompiler.Debug = "True"
		Release.AspNetCompiler.VirtualPath = "/TapirDotNET"
		Release.AspNetCompiler.PhysicalPath = "TapirDotNET\"
		Release.AspNetCompiler.TargetPath = "PrecompiledWeb\TapirDotNET\"
		Release.AspNetCompiler.Updateable = "true"
		Release.AspNetCompiler.ForceOverwrite = "true"
		Release.AspNetCompiler.FixedNames = "false"
		Release.AspNetCompiler.Debug = "False"
		SlnRelativePath = "TapirDotNET\"
	EndProjectSection
EndProject
Project("{E24C65DC-7377-472B-9ABA-BC803B73C61A}") = "http://localhost/TapirDotNETAdmin/", "http://localhost/TapirDotNETAdmin", "{AA3B1C5A-C1A0-4F59-9FA3-B4EDFC1F7BAC}"
	ProjectSection(WebsiteProperties) = preProject
		SccProjectName = "$/TAPIR/TapirDotNET/TapirDotNETAdmin"
		SccAuxPath = ""
		SccLocalPath = "."
		SccProvider = "MSSCCI:SourceGear Vault Client"
		ProjectReferences = "{88934C83-3394-409F-877C-396062B944AF}|TapirDotNETClasses.dll;"
		Debug.AspNetCompiler.VirtualPath = "/TapirDotNETAdmin"
		Debug.AspNetCompiler.PhysicalPath = "TapirDotNETAdmin\"
		Debug.AspNetCompiler.TargetPath = "PrecompiledWeb\TapirDotNETAdmin\"
		Debug.AspNetCompiler.Updateable = "true"
		Debug.AspNetCompiler.ForceOverwrite = "true"
		Debug.AspNetCompiler.FixedNames = "false"
		Debug.AspNetCompiler.Debug = "True"
		Release.AspNetCompiler.VirtualPath = "/TapirDotNETAdmin"
		Release.AspNetCompiler.PhysicalPath = "TapirDotNETAdmin\"
		Release.AspNetCompiler.TargetPath = "PrecompiledWeb\TapirDotNETAdmin\"
		Release.AspNetCompiler.Updateable = "true"
		Release.AspNetCompiler.ForceOverwrite = "true"
		Release.AspNetCompiler.FixedNames = "false"
		Release.AspNetCompiler.Debug = "False"
		SlnRelativePath = "TapirDotNETAdmin\"
	EndProjectSection
EndProject
Global
	GlobalSection(SourceCodeControl) = preSolution
		SccNumberOfProjects = 3
		SccProjectUniqueName0 = TapirDotNETClasses\\TapirDotNETClasses.csproj
		SccProjectName0 = $/TAPIR/TapirDotNET/TapirDotNETClasses
		SccLocalPath0 = TapirDotNETClasses
		SccProvider0 = MSSCCI:SourceGear\u0020Vault\u0020Client
		CanCheckoutShared = false
		SccWebProject1 = true
		SccProjectUniqueName1 = http://localhost/TapirDotNET
		SccProjectName1 = $/TAPIR/TapirDotNET/TapirDotNET
		SccLocalPath1 = D:\\TDWG\\Dev\\TAPIR\\TapirDotNET\\TapirDotNET
		SccProvider1 = MSSCCI:SourceGear\u0020Vault\u0020Client
		CanCheckoutShared = false
		SccProjectEnlistmentChoice1 = 2
		SccWebProject2 = true
		SccProjectUniqueName2 = http://localhost/TapirDotNETAdmin
		SccProjectName2 = $/TAPIR/TapirDotNET/TapirDotNETAdmin
		SccLocalPath2 = D:\\TDWG\\Dev\\TAPIR\\TapirDotNET\\TapirDotNETAdmin
		SccProvider2 = MSSCCI:SourceGear\u0020Vault\u0020Client
		CanCheckoutShared = false
		SccProjectEnlistmentChoice2 = 2
	EndGlobalSection
	GlobalSection(SolutionConfigurationPlatforms) = preSolution
		Debug|.NET = Debug|.NET
		Debug|Any CPU = Debug|Any CPU
		Debug|Mixed Platforms = Debug|Mixed Platforms
		Release|.NET = Release|.NET
		Release|Any CPU = Release|Any CPU
		Release|Mixed Platforms = Release|Mixed Platforms
	EndGlobalSection
	GlobalSection(ProjectConfigurationPlatforms) = postSolution
		{88934C83-3394-409F-877C-396062B944AF}.Debug|.NET.ActiveCfg = Debug|Any CPU
		{88934C83-3394-409F-877C-396062B944AF}.Debug|Any CPU.ActiveCfg = Debug|Any CPU
		{88934C83-3394-409F-877C-396062B944AF}.Debug|Any CPU.Build.0 = Debug|Any CPU
		{88934C83-3394-409F-877C-396062B944AF}.Debug|Mixed Platforms.ActiveCfg = Debug|Any CPU
		{88934C83-3394-409F-877C-396062B944AF}.Debug|Mixed Platforms.Build.0 = Debug|Any CPU
		{88934C83-3394-409F-877C-396062B944AF}.Release|.NET.ActiveCfg = Release|Any CPU
		{88934C83-3394-409F-877C-396062B944AF}.Release|Any CPU.ActiveCfg = Release|Any CPU
		{88934C83-3394-409F-877C-396062B944AF}.Release|Any CPU.Build.0 = Release|Any CPU
		{88934C83-3394-409F-877C-396062B944AF}.Release|Mixed Platforms.ActiveCfg = Release|Any CPU
		{88934C83-3394-409F-877C-396062B944AF}.Release|Mixed Platforms.Build.0 = Release|Any CPU
		{EF7F67D2-F694-4AFB-B00E-FAA572CF6398}.Debug|.NET.ActiveCfg = Debug|.NET
		{EF7F67D2-F694-4AFB-B00E-FAA572CF6398}.Debug|.NET.Build.0 = Debug|.NET
		{EF7F67D2-F694-4AFB-B00E-FAA572CF6398}.Debug|Any CPU.ActiveCfg = Debug|.NET
		{EF7F67D2-F694-4AFB-B00E-FAA572CF6398}.Debug|Mixed Platforms.ActiveCfg = Debug|.NET
		{EF7F67D2-F694-4AFB-B00E-FAA572CF6398}.Debug|Mixed Platforms.Build.0 = Debug|.NET
		{EF7F67D2-F694-4AFB-B00E-FAA572CF6398}.Release|.NET.ActiveCfg = Debug|.NET
		{EF7F67D2-F694-4AFB-B00E-FAA572CF6398}.Release|.NET.Build.0 = Debug|.NET
		{EF7F67D2-F694-4AFB-B00E-FAA572CF6398}.Release|Any CPU.ActiveCfg = Debug|.NET
		{EF7F67D2-F694-4AFB-B00E-FAA572CF6398}.Release|Mixed Platforms.ActiveCfg = Debug|.NET
		{EF7F67D2-F694-4AFB-B00E-FAA572CF6398}.Release|Mixed Platforms.Build.0 = Debug|.NET
		{AA3B1C5A-C1A0-4F59-9FA3-B4EDFC1F7BAC}.Debug|.NET.ActiveCfg = Debug|.NET
		{AA3B1C5A-C1A0-4F59-9FA3-B4EDFC1F7BAC}.Debug|.NET.Build.0 = Debug|.NET
		{AA3B1C5A-C1A0-4F59-9FA3-B4EDFC1F7BAC}.Debug|Any CPU.ActiveCfg = Debug|.NET
		{AA3B1C5A-C1A0-4F59-9FA3-B4EDFC1F7BAC}.Debug|Mixed Platforms.ActiveCfg = Debug|.NET
		{AA3B1C5A-C1A0-4F59-9FA3-B4EDFC1F7BAC}.Debug|Mixed Platforms.Build.0 = Debug|.NET
		{AA3B1C5A-C1A0-4F59-9FA3-B4EDFC1F7BAC}.Release|.NET.ActiveCfg = Debug|.NET
		{AA3B1C5A-C1A0-4F59-9FA3-B4EDFC1F7BAC}.Release|.NET.Build.0 = Debug|.NET
		{AA3B1C5A-C1A0-4F59-9FA3-B4EDFC1F7BAC}.Release|Any CPU.ActiveCfg = Debug|.NET
		{AA3B1C5A-C1A0-4F59-9FA3-B4EDFC1F7BAC}.Release|Mixed Platforms.ActiveCfg = Debug|.NET
		{AA3B1C5A-C1A0-4F59-9FA3-B4EDFC1F7BAC}.Release|Mixed Platforms.Build.0 = Debug|.NET
	EndGlobalSection
	GlobalSection(SolutionProperties) = preSolution
		HideSolutionNode = FALSE
	EndGlobalSection
EndGlobal
